PODS:
  - Alamofire (5.8.0)
  - Cosmos (23.0.0)
  - Differentiator (5.0.0)
  - IQKeyboardManagerSwift (6.5.12)
  - MBProgressHUD (1.2.0)
  - RxCocoa (6.6.0):
    - RxRelay (= 6.6.0)
    - RxSwift (= 6.6.0)
  - RxDataSources (5.0.0):
    - Differentiator (~> 5.0)
    - RxCocoa (~> 6.0)
    - RxSwift (~> 6.0)
  - RxRelay (6.6.0):
    - RxSwift (= 6.6.0)
  - RxSwift (6.6.0)
  - SDWebImage (5.18.2):
    - SDWebImage/Core (= 5.18.2)
  - SDWebImage/Core (5.18.2)

DEPENDENCIES:
  - Alamofire
  - Cosmos
  - IQKeyboardManagerSwift
  - MBProgressHUD
  - RxCocoa
  - RxDataSources
  - RxSwift
  - SDWebImage

SPEC REPOS:
  https://github.com/CocoaPods/Specs.git:
    - Alamofire
    - Cosmos
    - Differentiator
    - IQKeyboardManagerSwift
    - MBProgressHUD
    - RxCocoa
    - RxDataSources
    - RxRelay
    - RxSwift
    - SDWebImage

SPEC CHECKSUMS:
  Alamofire: 0e92e751b3e9e66d7982db43919d01f313b8eb91
  Cosmos: b5c6a9a637e28a061b54c8f8b1d8529d7d4db73f
  Differentiator: e8497ceab83c1b10ca233716d547b9af21b9344d
  IQKeyboardManagerSwift: 371b08cb39664fb56030f5345c815a4ffc74bbc0
  MBProgressHUD: 3ee5efcc380f6a79a7cc9b363dd669c5e1ae7406
  RxCocoa: 44a80de90e25b739b5aeaae3c8c371a32e3343cc
  RxDataSources: aa47cc1ed6c500fa0dfecac5c979b723542d79cf
  RxRelay: 45eaa5db8ee4fb50e5ebd57deec0159e97fa51e6
  RxSwift: a4b44f7d24599f674deebd1818eab82e58410632
  SDWebImage: c0de394d7cf7f9838aed1fd6bb6037654a4572e4

PODFILE CHECKSUM: e60f5cc7e8259c0b7e273cd54cf356f9da214efd

COCOAPODS: 1.13.0
